Microsoft Visual Studio Solution File, Format Version 12.00
# Visual Studio Version 17
VisualStudioVersion = 17.5.2.0
MinimumVisualStudioVersion = 10.0.40219.1
Project("{FAE04EC0-301F-11D3-BF4B-00C04F79EFBC}") = "ClassificarMesAno", "ClassificarMesAno.csproj", "{297CBA97-CB4F-D374-B8B5-9D809C172463}"
EndProject
Global
	GlobalSection(SolutionConfigurationPlatforms) = preSolution
		Debug|Any CPU = Debug|Any CPU
		Release|Any CPU = Release|Any CPU
	EndGlobalSection
	GlobalSection(ProjectConfigurationPlatforms) = postSolution
		{297CBA97-CB4F-D374-B8B5-9D809C172463}.Debug|Any CPU.ActiveCfg = Debug|Any CPU
		{297CBA97-CB4F-D374-B8B5-9D809C172463}.Debug|Any CPU.Build.0 = Debug|Any CPU
		{297CBA97-CB4F-D374-B8B5-9D809C172463}.Release|Any CPU.ActiveCfg = Release|Any CPU
		{297CBA97-CB4F-D374-B8B5-9D809C172463}.Release|Any CPU.Build.0 = Release|Any CPU
	EndGlobalSection
	GlobalSection(SolutionProperties) = preSolution
		HideSolutionNode = FALSE
	EndGlobalSection
	GlobalSection(ExtensibilityGlobals) = postSolution
		SolutionGuid = {7F9C2F1E-06C1-4140-B578-F26228316D53}
	EndGlobalSection
EndGlobal
