Microsoft Visual Studio Solution File, Format Version 12.00
# Visual Studio Version 17
VisualStudioVersion = 17.5.2.0
MinimumVisualStudioVersion = 10.0.40219.1
Project("{FAE04EC0-301F-11D3-BF4B-00C04F79EFBC}") = "CalculadoraSalario", "CalculadoraSalario.csproj", "{5419EB2A-39EF-B85D-86C6-24A3E4EABFF7}"
EndProject
Global
	GlobalSection(SolutionConfigurationPlatforms) = preSolution
		Debug|Any CPU = Debug|Any CPU
		Release|Any CPU = Release|Any CPU
	EndGlobalSection
	GlobalSection(ProjectConfigurationPlatforms) = postSolution
		{5419EB2A-39EF-B85D-86C6-24A3E4EABFF7}.Debug|Any CPU.ActiveCfg = Debug|Any CPU
		{5419EB2A-39EF-B85D-86C6-24A3E4EABFF7}.Debug|Any CPU.Build.0 = Debug|Any CPU
		{5419EB2A-39EF-B85D-86C6-24A3E4EABFF7}.Release|Any CPU.ActiveCfg = Release|Any CPU
		{5419EB2A-39EF-B85D-86C6-24A3E4EABFF7}.Release|Any CPU.Build.0 = Release|Any CPU
	EndGlobalSection
	GlobalSection(SolutionProperties) = preSolution
		HideSolutionNode = FALSE
	EndGlobalSection
	GlobalSection(ExtensibilityGlobals) = postSolution
		SolutionGuid = {DAC14B7D-A09C-46F7-84FB-05F0D4B7771D}
	EndGlobalSection
EndGlobal
