Microsoft Visual Studio Solution File, Format Version 12.00
# Visual Studio Version 17
VisualStudioVersion = 17.5.2.0
MinimumVisualStudioVersion = 10.0.40219.1
Project("{FAE04EC0-301F-11D3-BF4B-00C04F79EFBC}") = "PesoIdeal", "PesoIdeal.csproj", "{EA9FD92B-2A25-C20B-3C29-ABC86B8BCD89}"
EndProject
Global
	GlobalSection(SolutionConfigurationPlatforms) = preSolution
		Debug|Any CPU = Debug|Any CPU
		Release|Any CPU = Release|Any CPU
	EndGlobalSection
	GlobalSection(ProjectConfigurationPlatforms) = postSolution
		{EA9FD92B-2A25-C20B-3C29-ABC86B8BCD89}.Debug|Any CPU.ActiveCfg = Debug|Any CPU
		{EA9FD92B-2A25-C20B-3C29-ABC86B8BCD89}.Debug|Any CPU.Build.0 = Debug|Any CPU
		{EA9FD92B-2A25-C20B-3C29-ABC86B8BCD89}.Release|Any CPU.ActiveCfg = Release|Any CPU
		{EA9FD92B-2A25-C20B-3C29-ABC86B8BCD89}.Release|Any CPU.Build.0 = Release|Any CPU
	EndGlobalSection
	GlobalSection(SolutionProperties) = preSolution
		HideSolutionNode = FALSE
	EndGlobalSection
	GlobalSection(ExtensibilityGlobals) = postSolution
		SolutionGuid = {D9104E77-C4DF-44AA-92A4-2BCA0CBBA4DD}
	EndGlobalSection
EndGlobal
