Microsoft Visual Studio Solution File, Format Version 12.00
# Visual Studio Version 17
VisualStudioVersion = 17.5.2.0
MinimumVisualStudioVersion = 10.0.40219.1
Project("{FAE04EC0-301F-11D3-BF4B-00C04F79EFBC}") = "Viagem", "Viagem.csproj", "{834AB274-CF52-7007-32D9-A213F94E37F8}"
EndProject
Global
	GlobalSection(SolutionConfigurationPlatforms) = preSolution
		Debug|Any CPU = Debug|Any CPU
		Release|Any CPU = Release|Any CPU
	EndGlobalSection
	GlobalSection(ProjectConfigurationPlatforms) = postSolution
		{834AB274-CF52-7007-32D9-A213F94E37F8}.Debug|Any CPU.ActiveCfg = Debug|Any CPU
		{834AB274-CF52-7007-32D9-A213F94E37F8}.Debug|Any CPU.Build.0 = Debug|Any CPU
		{834AB274-CF52-7007-32D9-A213F94E37F8}.Release|Any CPU.ActiveCfg = Release|Any CPU
		{834AB274-CF52-7007-32D9-A213F94E37F8}.Release|Any CPU.Build.0 = Release|Any CPU
	EndGlobalSection
	GlobalSection(SolutionProperties) = preSolution
		HideSolutionNode = FALSE
	EndGlobalSection
	GlobalSection(ExtensibilityGlobals) = postSolution
		SolutionGuid = {923C5A20-49EB-4D32-ABAB-B45A21B76B35}
	EndGlobalSection
EndGlobal
